{
    "_readme": [
        "This file locks the dependencies of your project to a known state",
        "Read more about it at https://getcomposer.org/doc/01-basic-usage.md#installing-dependencies",
        "This file is @generated automatically"
    ],
    "content-hash": "894f9f7b8a7282896ebbe7a427b3a7a7",
    "packages": [
        {
            "name": "themarcusbattle/chameleon",
            "version": "dev-master",
            "source": {
                "type": "git",
                "url": "https://github.com/themarcusbattle/chameleon.git",
                "reference": "a125e7fa07cc8d10946fffb8345f83a7ad961fc9"
            },
            "type": "library",
            "description": "Custom CSS Framework by Marcus Battle",
            "time": "2018-09-17T00:30:05+00:00"
        },
        {
            "name": "themarcusbattle/weaverbird",
            "version": "dev-master",
            "source": {
                "type": "git",
                "url": "https://github.com/themarcusbattle/weaverbird.git",
                "reference": "508b9637cfa4360e121655891596dab29c2afc0c"
            },
            "type": "library",
            "description": "A simple, yet intricate framework to develop beautiful WordPress plugins",
            "time": "2018-09-16T22:38:24+00:00"
        }
    ],
    "packages-dev": [],
    "aliases": [],
    "minimum-stability": "stable",
    "stability-flags": {
        "themarcusbattle/chameleon": 20,
        "themarcusbattle/weaverbird": 20
    },
    "prefer-stable": false,
    "prefer-lowest": false,
    "platform": [],
    "platform-dev": []
}
