{
    "_readme": [
        "This file locks the dependencies of your project to a known state",
        "Read more about it at https://getcomposer.org/doc/01-basic-usage.md#installing-dependencies",
        "This file is @generated automatically"
    ],
    "content-hash": "894f9f7b8a7282896ebbe7a427b3a7a7",
    "packages": [
        {
            "name": "themarcusbattle/chameleon",
            "version": "dev-master",
            "source": {
                "type": "git",
                "url": "https://github.com/themarcusbattle/chameleon.git",
                "reference": "b1b2cd912195a250724f061972408916edfc489e"
            },
            "type": "library",
            "description": "Custom CSS Framework by Marcus Battle",
            "time": "2018-09-22T22:42:20+00:00"
        },
        {
            "name": "themarcusbattle/weaverbird",
            "version": "dev-master",
            "source": {
                "type": "git",
                "url": "https://github.com/themarcusbattle/weaverbird.git",
                "reference": "7be4b9802103ef44a5a7526334bb494fba6a4fd7"
            },
            "type": "library",
            "description": "A simple, yet intricate framework to develop beautiful WordPress plugins",
            "time": "2018-09-22T23:07:18+00:00"
        }
    ],
    "packages-dev": [],
    "aliases": [],
    "minimum-stability": "stable",
    "stability-flags": {
        "themarcusbattle/chameleon": 20,
        "themarcusbattle/weaverbird": 20
    },
    "prefer-stable": false,
    "prefer-lowest": false,
    "platform": [],
    "platform-dev": []
}
