{
    "_readme": [
        "This file locks the dependencies of your project to a known state",
        "Read more about it at https://getcomposer.org/doc/01-basic-usage.md#composer-lock-the-lock-file",
        "This file is @generated automatically"
    ],
    "content-hash": "2556c37f6899cd6e1a245c5afe5333a3",
    "packages": [
        {
            "name": "themarcusbattle/chameleon",
            "version": "dev-master",
            "source": {
                "type": "git",
                "url": "https://github.com/themarcusbattle/chameleon.git",
                "reference": "9120d0918f5e701e0577e60f15e14caadb60cd3e"
            },
            "type": "library",
            "description": "Custom CSS Framework by Marcus Battle",
            "time": "2018-07-20T07:40:50+00:00"
        }
    ],
    "packages-dev": [],
    "aliases": [],
    "minimum-stability": "stable",
    "stability-flags": {
        "themarcusbattle/chameleon": 20
    },
    "prefer-stable": false,
    "prefer-lowest": false,
    "platform": [],
    "platform-dev": []
}
